
Microsoft Visual Studio Solution File, Format Version 12.00
# Visual Studio Version 17
VisualStudioVersion = 17.1.32104.313
MinimumVisualStudioVersion = 10.0.40219.1
Project("{9A19103F-16F7-4668-BE54-9A1E7A4F7556}") = "FruitsShop.Api", "Hotel.Api\FruitsShop.Api.csproj", "{D576F00A-0D05-4AEC-97D3-3F237A71B2D2}"
EndProject
Project("{9A19103F-16F7-4668-BE54-9A1E7A4F7556}") = "FruitsShop.Repository", "Hotel.Repository\FruitsShop.Repository.csproj", "{727B603B-6F4A-4ED8-9AA8-1B6F81848884}"
EndProject
Project("{9A19103F-16F7-4668-BE54-9A1E7A4F7556}") = "FruitsShop.Services", "Hotel.Services\FruitsShop.Services.csproj", "{45359E87-D77F-4160-83C3-CE9BBF384B68}"
EndProject
Project("{9A19103F-16F7-4668-BE54-9A1E7A4F7556}") = "FruitsShop.Models", "Hotel.Models\FruitsShop.Models.csproj", "{C8CB4B55-A033-48F7-8B11-E3C7D40F7874}"
EndProject
Global
	GlobalSection(SolutionConfigurationPlatforms) = preSolution
		Debug|Any CPU = Debug|Any CPU
		Release|Any CPU = Release|Any CPU
	EndGlobalSection
	GlobalSection(ProjectConfigurationPlatforms) = postSolution
		{D576F00A-0D05-4AEC-97D3-3F237A71B2D2}.Debug|Any CPU.ActiveCfg = Debug|Any CPU
		{D576F00A-0D05-4AEC-97D3-3F237A71B2D2}.Debug|Any CPU.Build.0 = Debug|Any CPU
		{D576F00A-0D05-4AEC-97D3-3F237A71B2D2}.Release|Any CPU.ActiveCfg = Release|Any CPU
		{D576F00A-0D05-4AEC-97D3-3F237A71B2D2}.Release|Any CPU.Build.0 = Release|Any CPU
		{727B603B-6F4A-4ED8-9AA8-1B6F81848884}.Debug|Any CPU.ActiveCfg = Debug|Any CPU
		{727B603B-6F4A-4ED8-9AA8-1B6F81848884}.Debug|Any CPU.Build.0 = Debug|Any CPU
		{727B603B-6F4A-4ED8-9AA8-1B6F81848884}.Release|Any CPU.ActiveCfg = Release|Any CPU
		{727B603B-6F4A-4ED8-9AA8-1B6F81848884}.Release|Any CPU.Build.0 = Release|Any CPU
		{45359E87-D77F-4160-83C3-CE9BBF384B68}.Debug|Any CPU.ActiveCfg = Debug|Any CPU
		{45359E87-D77F-4160-83C3-CE9BBF384B68}.Debug|Any CPU.Build.0 = Debug|Any CPU
		{45359E87-D77F-4160-83C3-CE9BBF384B68}.Release|Any CPU.ActiveCfg = Release|Any CPU
		{45359E87-D77F-4160-83C3-CE9BBF384B68}.Release|Any CPU.Build.0 = Release|Any CPU
		{C8CB4B55-A033-48F7-8B11-E3C7D40F7874}.Debug|Any CPU.ActiveCfg = Debug|Any CPU
		{C8CB4B55-A033-48F7-8B11-E3C7D40F7874}.Debug|Any CPU.Build.0 = Debug|Any CPU
		{C8CB4B55-A033-48F7-8B11-E3C7D40F7874}.Release|Any CPU.ActiveCfg = Release|Any CPU
		{C8CB4B55-A033-48F7-8B11-E3C7D40F7874}.Release|Any CPU.Build.0 = Release|Any CPU
	EndGlobalSection
	GlobalSection(SolutionProperties) = preSolution
		HideSolutionNode = FALSE
	EndGlobalSection
	GlobalSection(ExtensibilityGlobals) = postSolution
		SolutionGuid = {74415CAC-2DE1-4AEA-8C86-67D640FF16B9}
	EndGlobalSection
EndGlobal
